
Microsoft Visual Studio Solution File, Format Version 12.00
# Visual Studio Version 17
VisualStudioVersion = 17.5.33516.290
MinimumVisualStudioVersion = 10.0.40219.1
Project("{FAE04EC0-301F-11D3-BF4B-00C04F79EFBC}") = "ConceitosReflection", "ConceitosReflection.csproj", "{3E280469-D5B7-4DAC-9ECD-2DEFF8281CAE}"
EndProject
Global
	GlobalSection(SolutionConfigurationPlatforms) = preSolution
		Debug|Any CPU = Debug|Any CPU
		Release|Any CPU = Release|Any CPU
	EndGlobalSection
	GlobalSection(ProjectConfigurationPlatforms) = postSolution
		{3E280469-D5B7-4DAC-9ECD-2DEFF8281CAE}.Debug|Any CPU.ActiveCfg = Debug|Any CPU
		{3E280469-D5B7-4DAC-9ECD-2DEFF8281CAE}.Debug|Any CPU.Build.0 = Debug|Any CPU
		{3E280469-D5B7-4DAC-9ECD-2DEFF8281CAE}.Release|Any CPU.ActiveCfg = Release|Any CPU
		{3E280469-D5B7-4DAC-9ECD-2DEFF8281CAE}.Release|Any CPU.Build.0 = Release|Any CPU
	EndGlobalSection
	GlobalSection(SolutionProperties) = preSolution
		HideSolutionNode = FALSE
	EndGlobalSection
	GlobalSection(ExtensibilityGlobals) = postSolution
		SolutionGuid = {C574DA1B-F11D-44A9-8B90-EAA42FA42CBC}
	EndGlobalSection
EndGlobal
